# This file is @generated by PDM.
# It is not intended for manual editing.

[[package]]
name = "asyncio-mqtt"
version = "0.16.1"
requires_python = ">=3.7"
summary = "Idiomatic asyncio wrapper around paho-mqtt"
dependencies = [
    "paho-mqtt>=1.6.0",
]

[[package]]
name = "black"
version = "22.12.0"
requires_python = ">=3.7"
summary = "The uncompromising code formatter."
dependencies = [
    "click>=8.0.0",
    "mypy-extensions>=0.4.3",
    "pathspec>=0.9.0",
    "platformdirs>=2",
    "tomli>=1.1.0; python_full_version < \"3.11.0a7\"",
]

[[package]]
name = "click"
version = "8.1.3"
requires_python = ">=3.7"
summary = "Composable command line interface toolkit"
dependencies = [
    "colorama; platform_system == \"Windows\"",
]

[[package]]
name = "colorama"
version = "0.4.6"
requires_python = "!=3.0.*,!=3.1.*,!=3.2.*,!=3.3.*,!=3.4.*,!=3.5.*,!=3.6.*,>=2.7"
summary = "Cross-platform colored terminal text."

[[package]]
name = "crc"
version = "4.1.0"
requires_python = ">=3.8,<4.0"
summary = "Library and CLI to calculate and verify all kinds of CRC checksums"

[[package]]
name = "mypy-extensions"
version = "0.4.3"
summary = "Experimental type system extensions for programs checked with the mypy typechecker."

[[package]]
name = "numpy"
version = "1.24.1"
requires_python = ">=3.8"
summary = "Fundamental package for array computing in Python"

[[package]]
name = "paho-mqtt"
version = "1.6.1"
summary = "MQTT version 5.0/3.1.1 client class"

[[package]]
name = "pandas"
version = "1.5.3"
requires_python = ">=3.8"
summary = "Powerful data structures for data analysis, time series, and statistics"
dependencies = [
    "numpy>=1.21.0; python_version >= \"3.10\"",
    "numpy>=1.23.2; python_version >= \"3.11\"",
    "python-dateutil>=2.8.1",
    "pytz>=2020.1",
]

[[package]]
name = "pathspec"
version = "0.11.0"
requires_python = ">=3.7"
summary = "Utility library for gitignore style pattern matching of file paths."

[[package]]
name = "platformdirs"
version = "2.6.2"
requires_python = ">=3.7"
summary = "A small Python package for determining appropriate platform-specific dirs, e.g. a \"user data dir\"."

[[package]]
name = "plotly"
version = "5.13.0"
requires_python = ">=3.6"
summary = "An open-source, interactive data visualization library for Python"
dependencies = [
    "tenacity>=6.2.0",
]

[[package]]
name = "pyserial"
version = "3.5"
summary = "Python Serial Port Extension"

[[package]]
name = "pyserial-asyncio"
version = "0.6"
summary = "Python Serial Port Extension - Asynchronous I/O support"
dependencies = [
    "pyserial",
]

[[package]]
name = "python-dateutil"
version = "2.8.2"
requires_python = "!=3.0.*,!=3.1.*,!=3.2.*,>=2.7"
summary = "Extensions to the standard Python datetime module"
dependencies = [
    "six>=1.5",
]

[[package]]
name = "pytz"
version = "2022.7.1"
summary = "World timezone definitions, modern and historical"

[[package]]
name = "six"
version = "1.16.0"
requires_python = ">=2.7, !=3.0.*, !=3.1.*, !=3.2.*"
summary = "Python 2 and 3 compatibility utilities"

[[package]]
name = "strictyaml"
version = "1.6.2"
summary = "Strict, typed YAML parser"
dependencies = [
    "python-dateutil>=2.6.0",
]

[[package]]
name = "tenacity"
version = "8.1.0"
requires_python = ">=3.6"
summary = "Retry code until it succeeds"

[[package]]
name = "tomli"
version = "2.0.1"
requires_python = ">=3.7"
summary = "A lil' TOML parser"

[metadata]
lock_version = "4.1"
content_hash = "sha256:2079d8929747ffd25aa695debec44885898d87aec3a080267ad8e2301591e4cc"

[metadata.files]
"asyncio-mqtt 0.16.1" = [
    {url = "https://files.pythonhosted.org/packages/28/0f/008e00d479dc7c666e8cef37d8f738e330a525d6f01fcd351d7fce71681b/asyncio_mqtt-0.16.1-py3-none-any.whl", hash = "sha256:ef12c1d0250ffd65b70085d66c457128ed6aa98b3d821d2316213fb9d1957d5b"},
    {url = "https://files.pythonhosted.org/packages/b9/ae/bb75e07de548e883ef0b813f139613f13ac43e79874b1365af21572a7eaa/asyncio_mqtt-0.16.1.tar.gz", hash = "sha256:38416481bb7cc9613c6a1a8e58b8f9f9c9a522d93411003e8000e74ef2b7ed85"},
]
"black 22.12.0" = [
    {url = "https://files.pythonhosted.org/packages/0c/51/1f7f93c0555eaf4cbb628e26ba026e3256174a45bd9397ff1ea7cf96bad5/black-22.12.0-py3-none-any.whl", hash = "sha256:436cc9167dd28040ad90d3b404aec22cedf24a6e4d7de221bec2730ec0c97bcf"},
    {url = "https://files.pythonhosted.org/packages/4c/49/420dcfccba3215dc4e5790fa47572ef14129df1c5e95dd87b5ad30211b01/black-22.12.0-cp311-cp311-win_amd64.whl", hash = "sha256:7412e75863aa5c5411886804678b7d083c7c28421210180d67dfd8cf1221e1f4"},
    {url = "https://files.pythonhosted.org/packages/4c/dd/cdb4e62a58e229ee757110a9dfb914a44e9d41be8becb41e085cb5df5d5b/black-22.12.0-cp38-cp38-win_amd64.whl", hash = "sha256:82d9fe8fee3401e02e79767016b4907820a7dc28d70d137eb397b92ef3cc5bfc"},
    {url = "https://files.pythonhosted.org/packages/54/44/6d5f9af3c14da013754021e28eacc873e6ecbe877b2540e37346579398c8/black-22.12.0-cp38-cp38-manylinux_2_17_x86_64.manylinux2014_x86_64.whl", hash = "sha256:77d86c9f3db9b1bf6761244bc0b3572a546f5fe37917a044e02f3166d5aafa7d"},
    {url = "https://files.pythonhosted.org/packages/71/57/975782465cc6b514f2c972421e29b933dfbb51d4a95948a4e0e94f36ea38/black-22.12.0-cp310-cp310-win_amd64.whl", hash = "sha256:159a46a4947f73387b4d83e87ea006dbb2337eab6c879620a3ba52699b1f4351"},
    {url = "https://files.pythonhosted.org/packages/79/d9/60852a6fc2f85374db20a9767dacfe50c2172eb8388f46018c8daf836995/black-22.12.0-cp310-cp310-manylinux_2_17_x86_64.manylinux2014_x86_64.whl", hash = "sha256:9eedd20838bd5d75b80c9f5487dbcb06836a43833a37846cf1d8c1cc01cef59d"},
    {url = "https://files.pythonhosted.org/packages/a6/59/e873cc6807fb62c11131e5258ca15577a3b7452abad08dc49286cf8245e8/black-22.12.0.tar.gz", hash = "sha256:229351e5a18ca30f447bf724d007f890f97e13af070bb6ad4c0a441cd7596a2f"},
    {url = "https://files.pythonhosted.org/packages/ba/32/954bcc56b2b3b4ef52a086e3c0bdbad88a38c9e739feb19dd2e6294cda42/black-22.12.0-cp39-cp39-manylinux_2_17_x86_64.manylinux2014_x86_64.whl", hash = "sha256:101c69b23df9b44247bd88e1d7e90154336ac4992502d4197bdac35dd7ee3320"},
    {url = "https://files.pythonhosted.org/packages/e9/e0/6aa02d14785c4039b38bfed6f9ee28a952b2d101c64fc97b15811fa8bd04/black-22.12.0-cp311-cp311-manylinux_2_17_x86_64.manylinux2014_x86_64.whl", hash = "sha256:d30b212bffeb1e252b31dd269dfae69dd17e06d92b87ad26e23890f3efea366f"},
    {url = "https://files.pythonhosted.org/packages/eb/91/e0ccc36f8e1a00ed3c343741ca7ffe954e33cd2be0cada039845ff9e0539/black-22.12.0-cp37-cp37m-win_amd64.whl", hash = "sha256:1f58cbe16dfe8c12b7434e50ff889fa479072096d79f0a7f25e4ab8e94cd8350"},
    {url = "https://files.pythonhosted.org/packages/f1/b7/6de002378cfe0b83beba72f0a7875dfb6005b2a214ac9f9ca689583069ef/black-22.12.0-cp37-cp37m-manylinux_2_17_x86_64.manylinux2014_x86_64.whl", hash = "sha256:c116eed0efb9ff870ded8b62fe9f28dd61ef6e9ddd28d83d7d264a38417dcee2"},
    {url = "https://files.pythonhosted.org/packages/f2/b9/06fe2dd83a2104d83c2b737f41aa5679f5a4395630005443ba4fa6fece8b/black-22.12.0-cp39-cp39-win_amd64.whl", hash = "sha256:559c7a1ba9a006226f09e4916060982fd27334ae1998e7a38b3f33a37f7a2148"},
]
"click 8.1.3" = [
    {url = "https://files.pythonhosted.org/packages/59/87/84326af34517fca8c58418d148f2403df25303e02736832403587318e9e8/click-8.1.3.tar.gz", hash = "sha256:7682dc8afb30297001674575ea00d1814d808d6a36af415a82bd481d37ba7b8e"},
    {url = "https://files.pythonhosted.org/packages/c2/f1/df59e28c642d583f7dacffb1e0965d0e00b218e0186d7858ac5233dce840/click-8.1.3-py3-none-any.whl", hash = "sha256:bb4d8133cb15a609f44e8213d9b391b0809795062913b383c62be0ee95b1db48"},
]
"colorama 0.4.6" = [
    {url = "https://files.pythonhosted.org/packages/d1/d6/3965ed04c63042e047cb6a3e6ed1a63a35087b6a609aa3a15ed8ac56c221/colorama-0.4.6-py2.py3-none-any.whl", hash = "sha256:4f1d9991f5acc0ca119f9d443620b77f9d6b33703e51011c16baf57afb285fc6"},
    {url = "https://files.pythonhosted.org/packages/d8/53/6f443c9a4a8358a93a6792e2acffb9d9d5cb0a5cfd8802644b7b1c9a02e4/colorama-0.4.6.tar.gz", hash = "sha256:08695f5cb7ed6e0531a20572697297273c47b8cae5a63ffc6d6ed5c201be6e44"},
]
"crc 4.1.0" = [
    {url = "https://files.pythonhosted.org/packages/4a/c3/65e8159ee1c2f9724c5e2cefb30c85ee3514bcd8ef022eca85e213462075/crc-4.1.0-py3-none-any.whl", hash = "sha256:9385339d7c580f12af8bc0a278c655ca91845c4cd625df616ac32728fb2af88b"},
    {url = "https://files.pythonhosted.org/packages/55/d6/fc136c7c16de394c11b5caf6829300eaaa5f5226845cfab5c1991feb89e1/crc-4.1.0.tar.gz", hash = "sha256:62570b89fc68c09f4bd93432dab7d3e128061fc28095edf1e9b508923bc4f138"},
]
"mypy-extensions 0.4.3" = [
    {url = "https://files.pythonhosted.org/packages/5c/eb/975c7c080f3223a5cdaff09612f3a5221e4ba534f7039db34c35d95fa6a5/mypy_extensions-0.4.3-py2.py3-none-any.whl", hash = "sha256:090fedd75945a69ae91ce1303b5824f428daf5a028d2f6ab8a299250a846f15d"},
    {url = "https://files.pythonhosted.org/packages/63/60/0582ce2eaced55f65a4406fc97beba256de4b7a95a0034c6576458c6519f/mypy_extensions-0.4.3.tar.gz", hash = "sha256:2d82818f5bb3e369420cb3c4060a7970edba416647068eb4c5343488a6c604a8"},
]
"numpy 1.24.1" = [
    {url = "https://files.pythonhosted.org/packages/01/a8/de4f84ccbbe0b616b4c36bd74dd21ddcac9f0d69466b91a60e3b8647d5ca/numpy-1.24.1-pp38-pypy38_pp73-macosx_10_9_x86_64.whl", hash = "sha256:ed5fb71d79e771ec930566fae9c02626b939e37271ec285e9efaf1b5d4370e7d"},
    {url = "https://files.pythonhosted.org/packages/06/5c/d43e4b9eefc95bed55128cc08c535dfb0047cbeac5b7b3cd835a7a531974/numpy-1.24.1-cp39-cp39-win32.whl", hash = "sha256:87a118968fba001b248aac90e502c0b13606721b1343cdaddbc6e552e8dfb56f"},
    {url = "https://files.pythonhosted.org/packages/0b/73/7db81acb8b9b2dfa24ca51de6b84db878fd216865b7acb75f27e79105680/numpy-1.24.1-cp38-cp38-win_amd64.whl", hash = "sha256:6ec0c021cd9fe732e5bab6401adea5a409214ca5592cd92a114f7067febcba0c"},
    {url = "https://files.pythonhosted.org/packages/14/1f/935ce638d37f8762aafb3962c8b14bf715c3db21a9b30f0cec4b228e7387/numpy-1.24.1-cp38-cp38-win32.whl", hash = "sha256:dae46bed2cb79a58d6496ff6d8da1e3b95ba09afeca2e277628171ca99b99db1"},
    {url = "https://files.pythonhosted.org/packages/14/5d/df640c8bc151c742d5166aecfc394134bf92bba432472bfa7d606badd0fc/numpy-1.24.1-cp38-cp38-macosx_11_0_arm64.whl", hash = "sha256:26089487086f2648944f17adaa1a97ca6aee57f513ba5f1c0b7ebdabbe2b9954"},
    {url = "https://files.pythonhosted.org/packages/24/c1/44f013eba432b5f18a044b587f96aa76964ea4eacbf512bd6c947a9f78c9/numpy-1.24.1-cp310-cp310-win32.whl", hash = "sha256:b31da69ed0c18be8b77bfce48d234e55d040793cebb25398e2a7d84199fbc7e2"},
    {url = "https://files.pythonhosted.org/packages/37/15/5667b269bf2c3473133823733fc0cd8fa44850e4c1d61b45bccc798a3e5a/numpy-1.24.1-cp39-cp39-win_amd64.whl", hash = "sha256:ddc7ab52b322eb1e40521eb422c4e0a20716c271a306860979d450decbb51b8e"},
    {url = "https://files.pythonhosted.org/packages/39/5d/21ea2da2aa6f419a7e48a582b7f5c99ba62822dcd173a6e5a58b22748a36/numpy-1.24.1-cp310-cp310-macosx_11_0_arm64.whl", hash = "sha256:b09804ff570b907da323b3d762e74432fb07955701b17b08ff1b5ebaa8cfe6a9"},
    {url = "https://files.pythonhosted.org/packages/3b/2b/75d7ed116b17202a89e6cf1eba7e91ba83abb79ece7924d5b2c820f59025/numpy-1.24.1-cp38-cp38-manylinux_2_17_x86_64.manylinux2014_x86_64.whl", hash = "sha256:b0677a52f5d896e84414761531947c7a330d1adc07c3a4372262f25d84af7bf7"},
    {url = "https://files.pythonhosted.org/packages/3d/17/2cc40e1ed44f37b0bab7d62e0c6ba88362da23f48e52833ffdd1b9dfc220/numpy-1.24.1-cp310-cp310-manylinux_2_17_x86_64.manylinux2014_x86_64.whl", hash = "sha256:0e3463e6ac25313462e04aea3fb8a0a30fb906d5d300f58b3bc2c23da6a15398"},
    {url = "https://files.pythonhosted.org/packages/43/55/fea3342371187dea4044521c0ba82b90fb5a42fb92446be019b316dd3320/numpy-1.24.1-cp39-cp39-manylinux_2_17_x86_64.manylinux2014_x86_64.whl", hash = "sha256:ef85cf1f693c88c1fd229ccd1055570cb41cdf4875873b7728b6301f12cd05bf"},
    {url = "https://files.pythonhosted.org/packages/49/47/12ef5c22217e16afdf1ba1e7cbf6bc36b5df2e0ddee3f5557bc1e41c9e41/numpy-1.24.1-pp38-pypy38_pp73-manylinux_2_17_x86_64.manylinux2014_x86_64.whl", hash = "sha256:ad2925567f43643f51255220424c23d204024ed428afc5aad0f86f3ffc080086"},
    {url = "https://files.pythonhosted.org/packages/6e/77/7b69133bf0f3a6b0000cdb6133ff5292734182ca0cd107ad7ff4c46e7bc1/numpy-1.24.1-cp310-cp310-macosx_10_9_x86_64.whl", hash = "sha256:179a7ef0889ab769cc03573b6217f54c8bd8e16cef80aad369e1e8185f994cd7"},
    {url = "https://files.pythonhosted.org/packages/73/39/f104eb30cc3da44d1e10622418c5e6eb5ac224f0f20c97dba44cf2de2af9/numpy-1.24.1-cp311-cp311-win_amd64.whl", hash = "sha256:de92efa737875329b052982e37bd4371d52cabf469f83e7b8be9bb7752d67e51"},
    {url = "https://files.pythonhosted.org/packages/81/3a/faa8aa531ec3001ff3b215892de791142e01516105da4c5e40a5686edca2/numpy-1.24.1-cp39-cp39-macosx_10_9_x86_64.whl", hash = "sha256:28bc9750ae1f75264ee0f10561709b1462d450a4808cd97c013046073ae64ab6"},
    {url = "https://files.pythonhosted.org/packages/85/92/4a280c9d31ec4950b0de759722b9feb9cc9d680726da3578f6b993ae6236/numpy-1.24.1-cp311-cp311-manylinux_2_17_aarch64.manylinux2014_aarch64.whl", hash = "sha256:e274f0f6c7efd0d577744f52032fdd24344f11c5ae668fe8d01aac0422611df1"},
    {url = "https://files.pythonhosted.org/packages/a0/a6/44d97c9d6ec619f0ff3a5a8471e5a1283a0ff492348214d512a79f32e9e4/numpy-1.24.1-cp310-cp310-manylinux_2_17_aarch64.manylinux2014_aarch64.whl", hash = "sha256:f1b739841821968798947d3afcefd386fa56da0caf97722a5de53e07c4ccedc7"},
    {url = "https://files.pythonhosted.org/packages/ad/9a/98490aee9ca665cd04291658dd76e19c9b9d17680404aa9a122d5ef6ff79/numpy-1.24.1-cp39-cp39-manylinux_2_17_aarch64.manylinux2014_aarch64.whl", hash = "sha256:8e669fbdcdd1e945691079c2cae335f3e3a56554e06bbd45d7609a6cf568c700"},
    {url = "https://files.pythonhosted.org/packages/af/74/070f80c41427f41a48bd4c873768f4989aacac7b8c0a3060566402339ce9/numpy-1.24.1-cp39-cp39-macosx_11_0_arm64.whl", hash = "sha256:84e789a085aabef2f36c0515f45e459f02f570c4b4c4c108ac1179c34d475ed7"},
    {url = "https://files.pythonhosted.org/packages/b8/a9/993477a7d6a3fdb1b7bb2287333d027303b9af7643d90088a4c74a15dc1d/numpy-1.24.1-cp311-cp311-macosx_11_0_arm64.whl", hash = "sha256:28e418681372520c992805bb723e29d69d6b7aa411065f48216d8329d02ba032"},
    {url = "https://files.pythonhosted.org/packages/c5/f7/df97e91bf7f4125ce7fa24296f4dfb6f1fc172c08413146b456f5b1299f1/numpy-1.24.1-cp38-cp38-manylinux_2_17_aarch64.manylinux2014_aarch64.whl", hash = "sha256:caf65a396c0d1f9809596be2e444e3bd4190d86d5c1ce21f5fc4be60a3bc5b36"},
    {url = "https://files.pythonhosted.org/packages/cd/9b/0398b0638ccdda7167d407f50494406560d6e4b7f4e23c33588704e2928b/numpy-1.24.1-cp311-cp311-macosx_10_9_x86_64.whl", hash = "sha256:7094891dcf79ccc6bc2a1f30428fa5edb1e6fb955411ffff3401fb4ea93780a8"},
    {url = "https://files.pythonhosted.org/packages/ce/b8/c170db50ec49d5845bd771bc5549fe734ee73083c5c52791915f95d8e2bc/numpy-1.24.1.tar.gz", hash = "sha256:2386da9a471cc00a1f47845e27d916d5ec5346ae9696e01a8a34760858fe9dd2"},
    {url = "https://files.pythonhosted.org/packages/d7/18/4491cefc090909c3615315722fd09864b791c34a1f174845d41716278d23/numpy-1.24.1-cp311-cp311-win32.whl", hash = "sha256:442feb5e5bada8408e8fcd43f3360b78683ff12a4444670a7d9e9824c1817d36"},
    {url = "https://files.pythonhosted.org/packages/db/24/5343241cabd04224e4fc4f2cf12b35146a90a83f53bef9b541c439a7dada/numpy-1.24.1-cp311-cp311-manylinux_2_17_x86_64.manylinux2014_x86_64.whl", hash = "sha256:0044f7d944ee882400890f9ae955220d29b33d809a038923d88e4e01d652acd9"},
    {url = "https://files.pythonhosted.org/packages/ee/70/c9055fe381e9e5103222e2f5efeb0cfb4524ab3c7d75b4eedc330380f9f5/numpy-1.24.1-cp310-cp310-win_amd64.whl", hash = "sha256:b07b40f5fb4fa034120a5796288f24c1fe0e0580bbfff99897ba6267af42def2"},
    {url = "https://files.pythonhosted.org/packages/f9/03/94ee2d37561d77538e9f2c933a8b22ff234f15404420517b3f51cc3a0749/numpy-1.24.1-pp38-pypy38_pp73-win_amd64.whl", hash = "sha256:cfa1161c6ac8f92dea03d625c2d0c05e084668f4a06568b77a25a89111621566"},
    {url = "https://files.pythonhosted.org/packages/fa/c2/00bed438bc58fd80429b7ea2b28382f99156659ebc6dfa750d1520df59d6/numpy-1.24.1-cp38-cp38-macosx_10_9_x86_64.whl", hash = "sha256:b162ac10ca38850510caf8ea33f89edcb7b0bb0dfa5592d59909419986b72407"},
]
"paho-mqtt 1.6.1" = [
    {url = "https://files.pythonhosted.org/packages/f8/dd/4b75dcba025f8647bc9862ac17299e0d7d12d3beadbf026d8c8d74215c12/paho-mqtt-1.6.1.tar.gz", hash = "sha256:2a8291c81623aec00372b5a85558a372c747cbca8e9934dfe218638b8eefc26f"},
]
"pandas 1.5.3" = [
    {url = "https://files.pythonhosted.org/packages/02/4a/8e2513db9d15929b833147f975d8424dc6a3e18100ead10aab78756a1aad/pandas-1.5.3-cp39-cp39-macosx_10_9_x86_64.whl", hash = "sha256:c4c00e0b0597c8e4f59e8d461f797e5d70b4d025880516a8261b2817c47759ee"},
    {url = "https://files.pythonhosted.org/packages/0e/1d/f964977eea9ed72d5f1c53af56038aca2ce781a0cc8bce8aeb33da039ca1/pandas-1.5.3-cp38-cp38-macosx_11_0_arm64.whl", hash = "sha256:26d9c71772c7afb9d5046e6e9cf42d83dd147b5cf5bcb9d97252077118543792"},
    {url = "https://files.pythonhosted.org/packages/26/c1/469f5d7863a9901d92b795d9fc5c7c4acccd7df62b13367c7fac0d499c3b/pandas-1.5.3-cp38-cp38-macosx_10_9_universal2.whl", hash = "sha256:14e45300521902689a81f3f41386dc86f19b8ba8dd5ac5a3c7010ef8d2932813"},
    {url = "https://files.pythonhosted.org/packages/27/c7/35b81ce5f680f2dac55eac14d103245cd8cf656ae4a2ff3be2e69fd1d330/pandas-1.5.3-cp310-cp310-manylinux_2_17_aarch64.manylinux2014_aarch64.whl", hash = "sha256:c3ac844a0fe00bfaeb2c9b51ab1424e5c8744f89860b138434a363b1f620f354"},
    {url = "https://files.pythonhosted.org/packages/2b/63/fa344006a41dd696720328af0f1f914f530e9eca2f794607f6af9158897d/pandas-1.5.3-cp38-cp38-macosx_10_9_x86_64.whl", hash = "sha256:9842b6f4b8479e41968eced654487258ed81df7d1c9b7b870ceea24ed9459b31"},
    {url = "https://files.pythonhosted.org/packages/49/e2/79e46612dc25ebc7603dc11c560baa7266c90f9e48537ecf1a02a0dd6bff/pandas-1.5.3-cp310-cp310-manylinux_2_17_x86_64.manylinux2014_x86_64.whl", hash = "sha256:7a0a56cef15fd1586726dace5616db75ebcfec9179a3a55e78f72c5639fa2a23"},
    {url = "https://files.pythonhosted.org/packages/53/c9/d2f910dace7ef849b626980d0fd033b9cded36568949c8d560c9630ad2e0/pandas-1.5.3-cp311-cp311-macosx_10_9_x86_64.whl", hash = "sha256:c39a8da13cede5adcd3be1182883aea1c925476f4e84b2807a46e2775306305d"},
    {url = "https://files.pythonhosted.org/packages/54/a0/c62d63c5c69be9aae07836e4d7e25e7a6f5590be3d8f2d53f43eeec5c475/pandas-1.5.3-cp38-cp38-manylinux_2_17_x86_64.manylinux2014_x86_64.whl", hash = "sha256:565fa34a5434d38e9d250af3c12ff931abaf88050551d9fbcdfafca50d62babf"},
    {url = "https://files.pythonhosted.org/packages/56/73/3351beeb807dca69fcc3c4966bcccc51552bd01549a9b13c04ab00a43f21/pandas-1.5.3-cp311-cp311-manylinux_2_17_x86_64.manylinux2014_x86_64.whl", hash = "sha256:5f2b952406a1588ad4cad5b3f55f520e82e902388a6d5a4a91baa8d38d23c7f6"},
    {url = "https://files.pythonhosted.org/packages/5f/34/b7858bb7d6d6bf4d9df1dde777a11fcf3ff370e1d1b3956e3d0fcca8322c/pandas-1.5.3-cp310-cp310-macosx_10_9_x86_64.whl", hash = "sha256:972d8a45395f2a2d26733eb8d0f629b2f90bebe8e8eddbb8829b180c09639572"},
    {url = "https://files.pythonhosted.org/packages/63/8d/c2bd356b9d4baf1c5cf8d7e251fb4540e87083072c905430da48c2bb31eb/pandas-1.5.3-cp311-cp311-manylinux_2_17_aarch64.manylinux2014_aarch64.whl", hash = "sha256:e474390e60ed609cec869b0da796ad94f420bb057d86784191eefc62b65819ae"},
    {url = "https://files.pythonhosted.org/packages/74/ee/146cab1ff6d575b54ace8a6a5994048380dc94879b0125b25e62edcb9e52/pandas-1.5.3.tar.gz", hash = "sha256:74a3fd7e5a7ec052f183273dc7b0acd3a863edf7520f5d3a1765c04ffdb3b0b1"},
    {url = "https://files.pythonhosted.org/packages/7d/d6/92be61dca3880c7cec99a9b4acf6260b3dc00519673fdb3e6666ac6096ce/pandas-1.5.3-cp39-cp39-manylinux_2_17_aarch64.manylinux2014_aarch64.whl", hash = "sha256:dd05f7783b3274aa206a1af06f0ceed3f9b412cf665b7247eacd83be41cf7bf0"},
    {url = "https://files.pythonhosted.org/packages/90/19/1a92d73cda1233326e787a4c14362a1fcce4c7d9f28316fd769308aefb99/pandas-1.5.3-cp39-cp39-macosx_10_9_universal2.whl", hash = "sha256:c74a62747864ed568f5a82a49a23a8d7fe171d0c69038b38cedf0976831296fa"},
    {url = "https://files.pythonhosted.org/packages/94/85/89f6547642b28fbd874504a6f548d6be4d88981837a23ab18d76cb773bea/pandas-1.5.3-cp39-cp39-win32.whl", hash = "sha256:7cec0bee9f294e5de5bbfc14d0573f65526071029d036b753ee6507d2a21480a"},
    {url = "https://files.pythonhosted.org/packages/a7/2b/c71df8794e8e75ba1ec9da1c1a2efc946590aa79a05148a4138405ef5f72/pandas-1.5.3-cp39-cp39-macosx_11_0_arm64.whl", hash = "sha256:a50d9a4336a9621cab7b8eb3fb11adb82de58f9b91d84c2cd526576b881a0c5a"},
    {url = "https://files.pythonhosted.org/packages/a9/cd/34f6b0780301be81be804d7aa71d571457369e6131e2b330af2b0fed1aad/pandas-1.5.3-cp310-cp310-macosx_10_9_universal2.whl", hash = "sha256:3749077d86e3a2f0ed51367f30bf5b82e131cc0f14260c4d3e499186fccc4406"},
    {url = "https://files.pythonhosted.org/packages/b0/be/1843b9aff84b98899663e7cad9f45513dfdd11d69cb5bd85c648aaf6a8d4/pandas-1.5.3-cp311-cp311-macosx_11_0_arm64.whl", hash = "sha256:f76d097d12c82a535fda9dfe5e8dd4127952b45fea9b0276cb30cca5ea313fbc"},
    {url = "https://files.pythonhosted.org/packages/b2/87/e0a0e9a0ab9ede47192aa40887b7e31d048c98326a41d6b57c658d1a809d/pandas-1.5.3-cp38-cp38-manylinux_2_17_aarch64.manylinux2014_aarch64.whl", hash = "sha256:5fbcb19d6fceb9e946b3e23258757c7b225ba450990d9ed63ccceeb8cae609f7"},
    {url = "https://files.pythonhosted.org/packages/b8/6c/005bd604994f7cbede4d7bf030614ef49a2213f76bc3d738ecf5b0dcc810/pandas-1.5.3-cp310-cp310-macosx_11_0_arm64.whl", hash = "sha256:50869a35cbb0f2e0cd5ec04b191e7b12ed688874bd05dd777c19b28cbea90996"},
    {url = "https://files.pythonhosted.org/packages/bc/bb/359b304fb2d9a97c7344b6ceb585dc22fff864e4f3f1d1511166cd84865e/pandas-1.5.3-cp38-cp38-win32.whl", hash = "sha256:87bd9c03da1ac870a6d2c8902a0e1fd4267ca00f13bc494c9e5a9020920e1d51"},
    {url = "https://files.pythonhosted.org/packages/c2/45/801ecd8434eef0b39cc02795ffae273fe3df3cfcb3f6fff215efbe92d93c/pandas-1.5.3-cp39-cp39-win_amd64.whl", hash = "sha256:dfd681c5dc216037e0b0a2c821f5ed99ba9f03ebcf119c7dac0e9a7b960b9ec9"},
    {url = "https://files.pythonhosted.org/packages/ca/4e/d18db7d5ff9d28264cd2a7e2499b8701108f0e6c698e382cfd5d20685c21/pandas-1.5.3-cp38-cp38-win_amd64.whl", hash = "sha256:41179ce559943d83a9b4bbacb736b04c928b095b5f25dd2b7389eda08f46f373"},
    {url = "https://files.pythonhosted.org/packages/d9/cd/f27c2992cbe05a3e39937f73a4be635a9ec149ec3ca4467d8cf039718994/pandas-1.5.3-cp310-cp310-win_amd64.whl", hash = "sha256:478ff646ca42b20376e4ed3fa2e8d7341e8a63105586efe54fa2508ee087f328"},
    {url = "https://files.pythonhosted.org/packages/da/6d/1235da14daddaa6e47f74ba0c255358f0ce7a6ee05da8bf8eb49161aa6b5/pandas-1.5.3-cp311-cp311-win_amd64.whl", hash = "sha256:bc4c368f42b551bf72fac35c5128963a171b40dce866fb066540eeaf46faa003"},
    {url = "https://files.pythonhosted.org/packages/e1/4d/3eb96e53a9208350ee21615f850c4be9a246d32bf1d34cd36682cb58c3b7/pandas-1.5.3-cp39-cp39-manylinux_2_17_x86_64.manylinux2014_x86_64.whl", hash = "sha256:9f69c4029613de47816b1bb30ff5ac778686688751a5e9c99ad8c7031f6508e5"},
    {url = "https://files.pythonhosted.org/packages/e2/24/a26af514113fd5eca2d8fe41ba4f22f70dfe6afefde4a6beb6a203570935/pandas-1.5.3-cp311-cp311-macosx_10_9_universal2.whl", hash = "sha256:6973549c01ca91ec96199e940495219c887ea815b2083722821f1d7abfa2b4dc"},
]
"pathspec 0.11.0" = [
    {url = "https://files.pythonhosted.org/packages/e6/be/1a973593d7ce7ac9d1a793b81eb265c152a62f34825169fbd7c4e4548e34/pathspec-0.11.0-py3-none-any.whl", hash = "sha256:3a66eb970cbac598f9e5ccb5b2cf58930cd8e3ed86d393d541eaf2d8b1705229"},
    {url = "https://files.pythonhosted.org/packages/f4/8e/f91cffb32740b251cff04cad1e7cdd2c710582c735a01f56307316c148f2/pathspec-0.11.0.tar.gz", hash = "sha256:64d338d4e0914e91c1792321e6907b5a593f1ab1851de7fc269557a21b30ebbc"},
]
"platformdirs 2.6.2" = [
    {url = "https://files.pythonhosted.org/packages/c1/c7/9be9d651b93efce682b45142a6267034fc4215972780748618c02e236361/platformdirs-2.6.2-py3-none-any.whl", hash = "sha256:83c8f6d04389165de7c9b6f0c682439697887bca0aa2f1c87ef1826be3584490"},
    {url = "https://files.pythonhosted.org/packages/cf/4d/198b7e6c6c2b152f4f9f4cdf975d3590e33e63f1920f2d89af7f0390e6db/platformdirs-2.6.2.tar.gz", hash = "sha256:e1fea1fe471b9ff8332e229df3cb7de4f53eeea4998d3b6bfff542115e998bd2"},
]
"plotly 5.13.0" = [
    {url = "https://files.pythonhosted.org/packages/24/49/b814634b778b792c48dbf162435c4be1ae99ca58d397a5cb4ae2088ba2f9/plotly-5.13.0.tar.gz", hash = "sha256:81a3aae4021d5ab91790fc71c3433791f41bfc71586e857f7777f429a955039a"},
    {url = "https://files.pythonhosted.org/packages/39/0e/df1664219b6ca7967ed76afd05fb71a1b9762f8da67e12206625395bd9ff/plotly-5.13.0-py2.py3-none-any.whl", hash = "sha256:4ac5db72176ce144f1fcde8d1ef7bdbccf5bb7a53e3d366b16fcd7c85319fdfd"},
]
"pyserial 3.5" = [
    {url = "https://files.pythonhosted.org/packages/07/bc/587a445451b253b285629263eb51c2d8e9bcea4fc97826266d186f96f558/pyserial-3.5-py2.py3-none-any.whl", hash = "sha256:c4451db6ba391ca6ca299fb3ec7bae67a5c55dde170964c7a14ceefec02f2cf0"},
    {url = "https://files.pythonhosted.org/packages/1e/7d/ae3f0a63f41e4d2f6cb66a5b57197850f919f59e558159a4dd3a818f5082/pyserial-3.5.tar.gz", hash = "sha256:3c77e014170dfffbd816e6ffc205e9842efb10be9f58ec16d3e8675b4925cddb"},
]
"pyserial-asyncio 0.6" = [
    {url = "https://files.pythonhosted.org/packages/27/24/c820cf15f87f7b164e83710c1852d4f900d9793961579e5ef64189bc0c10/pyserial_asyncio-0.6-py3-none-any.whl", hash = "sha256:de9337922619421b62b9b1a84048634b3ac520e1d690a674ed246a2af7ce1fc5"},
    {url = "https://files.pythonhosted.org/packages/4a/9a/8477699dcbc1882ea51dcff4d3c25aa3f2063ed8f7d7a849fd8f610506b6/pyserial-asyncio-0.6.tar.gz", hash = "sha256:b6032923e05e9d75ec17a5af9a98429c46d2839adfaf80604d52e0faacd7a32f"},
]
"python-dateutil 2.8.2" = [
    {url = "https://files.pythonhosted.org/packages/36/7a/87837f39d0296e723bb9b62bbb257d0355c7f6128853c78955f57342a56d/python_dateutil-2.8.2-py2.py3-none-any.whl", hash = "sha256:961d03dc3453ebbc59dbdea9e4e11c5651520a876d0f4db161e8674aae935da9"},
    {url = "https://files.pythonhosted.org/packages/4c/c4/13b4776ea2d76c115c1d1b84579f3764ee6d57204f6be27119f13a61d0a9/python-dateutil-2.8.2.tar.gz", hash = "sha256:0123cacc1627ae19ddf3c27a5de5bd67ee4586fbdd6440d9748f8abb483d3e86"},
]
"pytz 2022.7.1" = [
    {url = "https://files.pythonhosted.org/packages/03/3e/dc5c793b62c60d0ca0b7e58f1fdd84d5aaa9f8df23e7589b39cc9ce20a03/pytz-2022.7.1.tar.gz", hash = "sha256:01a0681c4b9684a28304615eba55d1ab31ae00bf68ec157ec3708a8182dbbcd0"},
    {url = "https://files.pythonhosted.org/packages/2e/09/fbd3c46dce130958ee8e0090f910f1fe39e502cc5ba0aadca1e8a2b932e5/pytz-2022.7.1-py2.py3-none-any.whl", hash = "sha256:78f4f37d8198e0627c5f1143240bb0206b8691d8d7ac6d78fee88b78733f8c4a"},
]
"six 1.16.0" = [
    {url = "https://files.pythonhosted.org/packages/71/39/171f1c67cd00715f190ba0b100d606d440a28c93c7714febeca8b79af85e/six-1.16.0.tar.gz", hash = "sha256:1e61c37477a1626458e36f7b1d82aa5c9b094fa4802892072e49de9c60c4c926"},
    {url = "https://files.pythonhosted.org/packages/d9/5a/e7c31adbe875f2abbb91bd84cf2dc52d792b5a01506781dbcf25c91daf11/six-1.16.0-py2.py3-none-any.whl", hash = "sha256:8abb2f1d86890a2dfb989f9a77cfcfd3e47c2a354b01111771326f8aa26e0254"},
]
"strictyaml 1.6.2" = [
    {url = "https://files.pythonhosted.org/packages/7c/86/c9b04acef55685b3abf5d4db3a348ab1409734fdd8650c98fc63ca6a6c0a/strictyaml-1.6.2.tar.gz", hash = "sha256:70cd55980fe2929dc038924ca08f68f96148223a8777810fa616e3478ebe71ca"},
]
"tenacity 8.1.0" = [
    {url = "https://files.pythonhosted.org/packages/a5/94/933ce16d18450ccf518a6da5bd51418611e8776b992070b9f40b2f9cedff/tenacity-8.1.0-py3-none-any.whl", hash = "sha256:35525cd47f82830069f0d6b73f7eb83bc5b73ee2fff0437952cedf98b27653ac"},
    {url = "https://files.pythonhosted.org/packages/ae/9c/ce67f96abe7c7530173e746b4f16a0bc5b4fa962ea1080d80cc5757dd210/tenacity-8.1.0.tar.gz", hash = "sha256:e48c437fdf9340f5666b92cd7990e96bc5fc955e1298baf4a907e3972067a445"},
]
"tomli 2.0.1" = [
    {url = "https://files.pythonhosted.org/packages/97/75/10a9ebee3fd790d20926a90a2547f0bf78f371b2f13aa822c759680ca7b9/tomli-2.0.1-py3-none-any.whl", hash = "sha256:939de3e7a6161af0c887ef91b7d41a53e7c5a1ca976325f429cb46ea9bc30ecc"},
    {url = "https://files.pythonhosted.org/packages/c0/3f/d7af728f075fb08564c5949a9c95e44352e23dee646869fa104a3b2060a3/tomli-2.0.1.tar.gz", hash = "sha256:de526c12914f0c550d15924c62d72abc48d6fe7364aa87328337a31007fe8a4f"},
]
